
Microsoft Visual Studio Solution File, Format Version 12.00
# Visual Studio 15
VisualStudioVersion = 15.0.27428.2005
MinimumVisualStudioVersion = 10.0.40219.1
Project("{FAE04EC0-301F-11D3-BF4B-00C04F79EFBC}") = "Gabriel.Cat.Wpf", "Gabriel.Cat.Wpf\Gabriel.Cat.Wpf.csproj", "{3933330C-B76A-4076-92EA-01F7A6DDA58E}"
EndProject
Global
	GlobalSection(SolutionConfigurationPlatforms) = preSolution
		Debug|Any CPU = Debug|Any CPU
		Release|Any CPU = Release|Any CPU
	EndGlobalSection
	GlobalSection(ProjectConfigurationPlatforms) = postSolution
		{3933330C-B76A-4076-92EA-01F7A6DDA58E}.Debug|Any CPU.ActiveCfg = Debug|Any CPU
		{3933330C-B76A-4076-92EA-01F7A6DDA58E}.Debug|Any CPU.Build.0 = Debug|Any CPU
		{3933330C-B76A-4076-92EA-01F7A6DDA58E}.Release|Any CPU.ActiveCfg = Release|Any CPU
		{3933330C-B76A-4076-92EA-01F7A6DDA58E}.Release|Any CPU.Build.0 = Release|Any CPU
	EndGlobalSection
	GlobalSection(SolutionProperties) = preSolution
		HideSolutionNode = FALSE
	EndGlobalSection
	GlobalSection(ExtensibilityGlobals) = postSolution
		SolutionGuid = {FD86EBCB-A37D-47E6-AC59-599B16CB8F22}
	EndGlobalSection
EndGlobal
